
Microsoft Visual Studio Solution File, Format Version 12.00
# Visual Studio Version 16
VisualStudioVersion = 16.0.31105.61
MinimumVisualStudioVersion = 10.0.40219.1
Project("{9092AA53-FB77-4645-B42D-1CCCA6BD08BD}") = "Netocracy", "Netocracy\Netocracy.njsproj", "{5A4DBC70-F923-4140-8F5D-F4D8587A1201}"
EndProject
Global
	GlobalSection(SolutionConfigurationPlatforms) = preSolution
		Debug|Any CPU = Debug|Any CPU
		Release|Any CPU = Release|Any CPU
	EndGlobalSection
	GlobalSection(ProjectConfigurationPlatforms) = postSolution
		{5A4DBC70-F923-4140-8F5D-F4D8587A1201}.Debug|Any CPU.ActiveCfg = Debug|Any CPU
		{5A4DBC70-F923-4140-8F5D-F4D8587A1201}.Debug|Any CPU.Build.0 = Debug|Any CPU
		{5A4DBC70-F923-4140-8F5D-F4D8587A1201}.Release|Any CPU.ActiveCfg = Release|Any CPU
		{5A4DBC70-F923-4140-8F5D-F4D8587A1201}.Release|Any CPU.Build.0 = Release|Any CPU
	EndGlobalSection
	GlobalSection(SolutionProperties) = preSolution
		HideSolutionNode = FALSE
	EndGlobalSection
	GlobalSection(ExtensibilityGlobals) = postSolution
		SolutionGuid = {22A148B1-16FE-448B-A16F-80C6F1FBD2E7}
	EndGlobalSection
EndGlobal
