
Microsoft Visual Studio Solution File, Format Version 12.00
# Visual Studio Version 16
VisualStudioVersion = 16.0.31105.61
MinimumVisualStudioVersion = 10.0.40219.1
Project("{9A19103F-16F7-4668-BE54-9A1E7A4F7556}") = "Console", "Console\Console.csproj", "{8238E09F-2C72-47CF-971F-2726ABCF1137}"
EndProject
Project("{9A19103F-16F7-4668-BE54-9A1E7A4F7556}") = "Business", "Business\Business.csproj", "{0CF6DEB4-B0A8-4A07-BE9E-5216679DAE66}"
EndProject
Project("{9A19103F-16F7-4668-BE54-9A1E7A4F7556}") = "Business.Test", "Business.Test\Business.Test.csproj", "{27026338-AA64-443B-B907-9A27E9E311C9}"
EndProject
Project("{FAE04EC0-301F-11D3-BF4B-00C04F79EFBC}") = "Api", "Api\Api.csproj", "{F2F2F6DB-833D-4184-88CD-23B3159A2D7A}"
EndProject
Global
	GlobalSection(SolutionConfigurationPlatforms) = preSolution
		Debug|Any CPU = Debug|Any CPU
		Release|Any CPU = Release|Any CPU
	EndGlobalSection
	GlobalSection(ProjectConfigurationPlatforms) = postSolution
		{8238E09F-2C72-47CF-971F-2726ABCF1137}.Debug|Any CPU.ActiveCfg = Debug|Any CPU
		{8238E09F-2C72-47CF-971F-2726ABCF1137}.Debug|Any CPU.Build.0 = Debug|Any CPU
		{8238E09F-2C72-47CF-971F-2726ABCF1137}.Release|Any CPU.ActiveCfg = Release|Any CPU
		{8238E09F-2C72-47CF-971F-2726ABCF1137}.Release|Any CPU.Build.0 = Release|Any CPU
		{0CF6DEB4-B0A8-4A07-BE9E-5216679DAE66}.Debug|Any CPU.ActiveCfg = Debug|Any CPU
		{0CF6DEB4-B0A8-4A07-BE9E-5216679DAE66}.Debug|Any CPU.Build.0 = Debug|Any CPU
		{0CF6DEB4-B0A8-4A07-BE9E-5216679DAE66}.Release|Any CPU.ActiveCfg = Release|Any CPU
		{0CF6DEB4-B0A8-4A07-BE9E-5216679DAE66}.Release|Any CPU.Build.0 = Release|Any CPU
		{27026338-AA64-443B-B907-9A27E9E311C9}.Debug|Any CPU.ActiveCfg = Debug|Any CPU
		{27026338-AA64-443B-B907-9A27E9E311C9}.Debug|Any CPU.Build.0 = Debug|Any CPU
		{27026338-AA64-443B-B907-9A27E9E311C9}.Release|Any CPU.ActiveCfg = Release|Any CPU
		{27026338-AA64-443B-B907-9A27E9E311C9}.Release|Any CPU.Build.0 = Release|Any CPU
		{F2F2F6DB-833D-4184-88CD-23B3159A2D7A}.Debug|Any CPU.ActiveCfg = Debug|Any CPU
		{F2F2F6DB-833D-4184-88CD-23B3159A2D7A}.Debug|Any CPU.Build.0 = Debug|Any CPU
		{F2F2F6DB-833D-4184-88CD-23B3159A2D7A}.Release|Any CPU.ActiveCfg = Release|Any CPU
		{F2F2F6DB-833D-4184-88CD-23B3159A2D7A}.Release|Any CPU.Build.0 = Release|Any CPU
	EndGlobalSection
	GlobalSection(SolutionProperties) = preSolution
		HideSolutionNode = FALSE
	EndGlobalSection
	GlobalSection(ExtensibilityGlobals) = postSolution
		SolutionGuid = {0294F29C-9C07-495D-8C11-58CF029FA87A}
	EndGlobalSection
EndGlobal
